
Microsoft Visual Studio Solution File, Format Version 12.00
# Visual Studio Version 17
VisualStudioVersion = 17.14.36408.4 d17.14
MinimumVisualStudioVersion = 10.0.40219.1
Project("{FAE04EC0-301F-11D3-BF4B-00C04F79EFBC}") = "BaiMoiiii", "BaiMoiiii.csproj", "{753955A1-9BBF-4042-8192-6E12E6E72583}"
EndProject
Global
	GlobalSection(SolutionConfigurationPlatforms) = preSolution
		Debug|Any CPU = Debug|Any CPU
		Release|Any CPU = Release|Any CPU
	EndGlobalSection
	GlobalSection(ProjectConfigurationPlatforms) = postSolution
		{753955A1-9BBF-4042-8192-6E12E6E72583}.Debug|Any CPU.ActiveCfg = Debug|Any CPU
		{753955A1-9BBF-4042-8192-6E12E6E72583}.Debug|Any CPU.Build.0 = Debug|Any CPU
		{753955A1-9BBF-4042-8192-6E12E6E72583}.Release|Any CPU.ActiveCfg = Release|Any CPU
		{753955A1-9BBF-4042-8192-6E12E6E72583}.Release|Any CPU.Build.0 = Release|Any CPU
	EndGlobalSection
	GlobalSection(SolutionProperties) = preSolution
		HideSolutionNode = FALSE
	EndGlobalSection
	GlobalSection(ExtensibilityGlobals) = postSolution
		SolutionGuid = {429F2FAE-8E63-4C20-8F2B-A3AE1AEA78C6}
	EndGlobalSection
EndGlobal
